
Microsoft Visual Studio Solution File, Format Version 12.00
# Visual Studio Version 17
VisualStudioVersion = 17.9.34714.143
MinimumVisualStudioVersion = 10.0.40219.1
Project("{8BC9CEB8-8B4A-11D0-8D11-00A0C91BC942}") = "Lecture05-HW", "Lecture05-HW\Lecture05-HW.vcxproj", "{23DDF7CD-5DFA-4DD3-8E87-263E721272FF}"
EndProject
Global
	GlobalSection(SolutionConfigurationPlatforms) = preSolution
		Debug|x64 = Debug|x64
		Debug|x86 = Debug|x86
		Release|x64 = Release|x64
		Release|x86 = Release|x86
	EndGlobalSection
	GlobalSection(ProjectConfigurationPlatforms) = postSolution
		{23DDF7CD-5DFA-4DD3-8E87-263E721272FF}.Debug|x64.ActiveCfg = Debug|x64
		{23DDF7CD-5DFA-4DD3-8E87-263E721272FF}.Debug|x64.Build.0 = Debug|x64
		{23DDF7CD-5DFA-4DD3-8E87-263E721272FF}.Debug|x86.ActiveCfg = Debug|Win32
		{23DDF7CD-5DFA-4DD3-8E87-263E721272FF}.Debug|x86.Build.0 = Debug|Win32
		{23DDF7CD-5DFA-4DD3-8E87-263E721272FF}.Release|x64.ActiveCfg = Release|x64
		{23DDF7CD-5DFA-4DD3-8E87-263E721272FF}.Release|x64.Build.0 = Release|x64
		{23DDF7CD-5DFA-4DD3-8E87-263E721272FF}.Release|x86.ActiveCfg = Release|Win32
		{23DDF7CD-5DFA-4DD3-8E87-263E721272FF}.Release|x86.Build.0 = Release|Win32
	EndGlobalSection
	GlobalSection(SolutionProperties) = preSolution
		HideSolutionNode = FALSE
	EndGlobalSection
	GlobalSection(ExtensibilityGlobals) = postSolution
		SolutionGuid = {84CB84CD-0049-41C7-82A3-3C34A0426704}
	EndGlobalSection
EndGlobal
